
Microsoft Visual Studio Solution File, Format Version 12.00
# Visual Studio 15
VisualStudioVersion = 15.0.28307.329
MinimumVisualStudioVersion = 10.0.40219.1
Project("{FAE04EC0-301F-11D3-BF4B-00C04F79EFBC}") = "Game", "Game.csproj", "{A76765D8-8FCC-4E60-9530-D64B34E8057B}"
EndProject
Global
	GlobalSection(SolutionConfigurationPlatforms) = preSolution
		Debug|Any CPU = Debug|Any CPU
		Release|Any CPU = Release|Any CPU
	EndGlobalSection
	GlobalSection(ProjectConfigurationPlatforms) = postSolution
		{A76765D8-8FCC-4E60-9530-D64B34E8057B}.Debug|Any CPU.ActiveCfg = Debug|Any CPU
		{A76765D8-8FCC-4E60-9530-D64B34E8057B}.Debug|Any CPU.Build.0 = Debug|Any CPU
		{A76765D8-8FCC-4E60-9530-D64B34E8057B}.Release|Any CPU.ActiveCfg = Release|Any CPU
		{A76765D8-8FCC-4E60-9530-D64B34E8057B}.Release|Any CPU.Build.0 = Release|Any CPU
	EndGlobalSection
	GlobalSection(SolutionProperties) = preSolution
		HideSolutionNode = FALSE
	EndGlobalSection
	GlobalSection(ExtensibilityGlobals) = postSolution
		SolutionGuid = {38277652-9439-4E2B-917D-7EE372D8D505}
	EndGlobalSection
EndGlobal
